
Microsoft Visual Studio Solution File, Format Version 12.00
Project("{FAE04EC0-301F-11D3-BF4B-00C04F79EFBC}") = "Kolokwium_s28657", "Kolokwium_s28657\Kolokwium_s28657.csproj", "{0916DE7C-45F3-4144-965A-C879C3667BFA}"
EndProject
Global
	GlobalSection(SolutionConfigurationPlatforms) = preSolution
		Debug|Any CPU = Debug|Any CPU
		Release|Any CPU = Release|Any CPU
	EndGlobalSection
	GlobalSection(ProjectConfigurationPlatforms) = postSolution
		{0916DE7C-45F3-4144-965A-C879C3667BFA}.Debug|Any CPU.ActiveCfg = Debug|Any CPU
		{0916DE7C-45F3-4144-965A-C879C3667BFA}.Debug|Any CPU.Build.0 = Debug|Any CPU
		{0916DE7C-45F3-4144-965A-C879C3667BFA}.Release|Any CPU.ActiveCfg = Release|Any CPU
		{0916DE7C-45F3-4144-965A-C879C3667BFA}.Release|Any CPU.Build.0 = Release|Any CPU
	EndGlobalSection
EndGlobal
